{
	"name": "rdfine-example",
	"requires": true,
	"lockfileVersion": 1,
	"dependencies": {
		"@rdfjs/data-model": {
			"version": "1.1.2",
			"resolved": "https://registry.npmjs.org/@rdfjs/data-model/-/data-model-1.1.2.tgz",
			"integrity": "sha512-pk/G/JLYGaXesoBLvEmoC/ic0H3B79fTyS0Ujjh5YQB2DZW+mn05ZowFFv88rjB9jf7c1XE5XSmf8jzn6U0HHA==",
			"requires": {
				"@types/rdf-js": "^2.0.1"
			}
		},
		"@rdfjs/dataset": {
			"version": "1.0.1",
			"resolved": "https://registry.npmjs.org/@rdfjs/dataset/-/dataset-1.0.1.tgz",
			"integrity": "sha512-k/c6g4K881QX7LE3eskg6t1j31zDe+CKwTEiKkSCFk6M25gUJ/BReT/FrLdKmPjhXp+YOgHj97AtEphzTeKVeA==",
			"requires": {
				"@rdfjs/data-model": "^1.1.1"
			}
		},
		"@rdfjs/namespace": {
			"version": "1.1.0",
			"resolved": "https://registry.npmjs.org/@rdfjs/namespace/-/namespace-1.1.0.tgz",
			"integrity": "sha512-utO5rtaOKxk8B90qzaQ0N+J5WrCI28DtfAY/zExCmXE7cOfC5uRI/oMKbLaVEPj2P7uArekt/T4IPATtj7Tjug==",
			"requires": {
				"@rdfjs/data-model": "^1.1.0"
			}
		},
		"@rdfjs/parser-n3": {
			"version": "1.1.3",
			"resolved": "https://registry.npmjs.org/@rdfjs/parser-n3/-/parser-n3-1.1.3.tgz",
			"integrity": "sha512-TRvAA2QfrIdIfhDB9RVU91dhZ/ITDiJ1prTHahEgEVKNH+Zu+iFfEgLDKbv/ZNvEoLaDyoG92p9xqToH7mdh0w==",
			"dev": true,
			"requires": {
				"@rdfjs/data-model": "^1.0.1",
				"@rdfjs/sink": "^1.0.2",
				"n3": "^1.0.0-beta.1",
				"readable-stream": "^2.3.6"
			}
		},
		"@rdfjs/sink": {
			"version": "1.0.3",
			"resolved": "https://registry.npmjs.org/@rdfjs/sink/-/sink-1.0.3.tgz",
			"integrity": "sha512-2KfYa8mAnptRNeogxhQqkWNXqfYVWO04jQThtXKepySrIwYmz83+WlevQtA4VDLFe+kFd2TwgL29ekPe5XVUfA==",
			"dev": true
		},
		"@rdfjs/to-ntriples": {
			"version": "1.0.2",
			"resolved": "https://registry.npmjs.org/@rdfjs/to-ntriples/-/to-ntriples-1.0.2.tgz",
			"integrity": "sha512-ngw5XAaGHjgGiwWWBPGlfdCclHftonmbje5lMys4G2j4NvfExraPIuRZgjSnd5lg4dnulRVUll8tRbgKO+7EDA==",
			"dev": true
		},
		"@tpluscode/rdf-ns-builders": {
			"version": "0.0.4",
			"resolved": "https://registry.npmjs.org/@tpluscode/rdf-ns-builders/-/rdf-ns-builders-0.0.4.tgz",
			"integrity": "sha512-bxWYlLCMiVPv2e7bOByMq2pdm5xZ2gOJWcKZi68WV7ZhPIVsK4IYBRy3CFBWMUfvF/+uiM2ig4vSJFPnHEXj/Q==",
			"dev": true,
			"requires": {
				"@rdfjs/namespace": "^1.1.0",
				"@types/rdf-js": "^2.0.11",
				"@types/rdfjs__namespace": "^1.1.1",
				"@zazuko/rdf-vocabularies": "^2020.2.11"
			}
		},
		"@tpluscode/rdf-string": {
			"version": "0.2.8",
			"resolved": "https://registry.npmjs.org/@tpluscode/rdf-string/-/rdf-string-0.2.8.tgz",
			"integrity": "sha512-1peiyAGtTMCvB8054vkq7OZ9r/mOyfKIHFckEh124PqKjzMqf89erCyLzJs5C81PCX9jRXpymfzK/mehzrMz7w==",
			"dev": true,
			"requires": {
				"@rdfjs/data-model": "^1.1.2",
				"@tpluscode/rdf-ns-builders": "^0.0.4",
				"@types/rdf-js": "^2.0.11",
				"@zazuko/rdf-vocabularies": "^2020.2.3"
			}
		},
		"@types/clownface": {
			"version": "0.12.7",
			"resolved": "https://registry.npmjs.org/@types/clownface/-/clownface-0.12.7.tgz",
			"integrity": "sha512-Sub1E7Vzb3bivR2WOyXdpRdKf0xafEdStToTlfmWD16+JRHVud+BE/1/cJE52yHE3gUTqnOzyAvOYNJzr4X0mA==",
			"dev": true,
			"requires": {
				"@types/rdf-js": "*"
			}
		},
		"@types/node": {
			"version": "13.9.2",
			"resolved": "https://registry.npmjs.org/@types/node/-/node-13.9.2.tgz",
			"integrity": "sha512-bnoqK579sAYrQbp73wwglccjJ4sfRdKU7WNEZ5FW4K2U6Kc0/eZ5kvXG0JKsEKFB50zrFmfFt52/cvBbZa7eXg=="
		},
		"@types/rdf-js": {
			"version": "2.0.11",
			"resolved": "https://registry.npmjs.org/@types/rdf-js/-/rdf-js-2.0.11.tgz",
			"integrity": "sha512-GC5MZU2HbL5JnlrLAzoxSqLprqtKwocz0TNVugqM04t1ZeeNFpZRqqBQc9Jhev35hEwdH84siRLaCesxHHYlmA==",
			"requires": {
				"@types/node": "*"
			}
		},
		"@types/rdfjs__dataset": {
			"version": "1.0.0",
			"resolved": "https://registry.npmjs.org/@types/rdfjs__dataset/-/rdfjs__dataset-1.0.0.tgz",
			"integrity": "sha512-9jQTUC4uaimb87LAdFNZ5p66JMp6rrhhokDvw0WqtUifRtnf8sEzsDOo7j9Q0YzglAZ4RPYjecq06xpoAhEg5A==",
			"dev": true,
			"requires": {
				"@types/rdf-js": "*"
			}
		},
		"@types/rdfjs__namespace": {
			"version": "1.1.1",
			"resolved": "https://registry.npmjs.org/@types/rdfjs__namespace/-/rdfjs__namespace-1.1.1.tgz",
			"integrity": "sha512-IgPTKBbKC4Hm5j7kO9XpJMtWMXCRc9x308VD/e/ibdDiaSc27c7dzwPtgQeWUK0q1IQ5hobOAuHZVvlhIH8eMg==",
			"dev": true,
			"requires": {
				"@types/rdf-js": "*"
			}
		},
		"@zazuko/rdf-vocabularies": {
			"version": "2020.3.17",
			"resolved": "https://registry.npmjs.org/@zazuko/rdf-vocabularies/-/rdf-vocabularies-2020.3.17.tgz",
			"integrity": "sha512-S2xVNA/NnXycxozoh1V3YVjEuKjEzP8c+DFJEadBrANG+DKtRtu+6BfUYnBhjYDa1sZ/Wk6PfPQuNmaedYf5BQ==",
			"dev": true,
			"requires": {
				"@rdfjs/parser-n3": "^1.1.2",
				"rdf-ext": "^1.3.0",
				"string-to-stream": "^3.0.1"
			}
		},
		"arg": {
			"version": "4.1.3",
			"resolved": "https://registry.npmjs.org/arg/-/arg-4.1.3.tgz",
			"integrity": "sha512-58S9QDqG0Xx27YwPSt9fJxivjYl432YCwfDMfZ+71RAqUrZef7LrKQZ3LHLOwCS4FLNBplP533Zx895SeOCHvA==",
			"dev": true
		},
		"buffer-from": {
			"version": "1.1.1",
			"resolved": "https://registry.npmjs.org/buffer-from/-/buffer-from-1.1.1.tgz",
			"integrity": "sha512-MQcXEUbCKtEo7bhqEs6560Hyd4XaovZlO/k9V3hjVUF/zwW7KBVdSK4gIt/bzwS9MbR5qob+F5jusZsb0YQK2A==",
			"dev": true
		},
		"clownface": {
			"version": "0.12.1",
			"resolved": "https://registry.npmjs.org/clownface/-/clownface-0.12.1.tgz",
			"integrity": "sha512-G9naMoD3vl9IC8ZeJ7bJcVApNIlH40ixoRE+yEbAfIoX6ig0fnHv5tm9MMhSrq+w/nfMRWPcBXOkA3gjLVEMTg==",
			"requires": {
				"@rdfjs/data-model": "^1.1.0",
				"@rdfjs/namespace": "^1.0.0"
			}
		},
		"core-util-is": {
			"version": "1.0.2",
			"resolved": "https://registry.npmjs.org/core-util-is/-/core-util-is-1.0.2.tgz",
			"integrity": "sha1-tf1UIgqivFq1eqtxQMlAdUUDwac=",
			"dev": true
		},
		"diff": {
			"version": "4.0.2",
			"resolved": "https://registry.npmjs.org/diff/-/diff-4.0.2.tgz",
			"integrity": "sha512-58lmxKSA4BNyLz+HHMUzlOEpg09FV+ev6ZMe3vJihgdxzgcwZ8VoEEPmALCZG9LmqfVoNMMKpttIYTVG6uDY7A==",
			"dev": true
		},
		"inherits": {
			"version": "2.0.4",
			"resolved": "https://registry.npmjs.org/inherits/-/inherits-2.0.4.tgz",
			"integrity": "sha512-k/vGaX4/Yla3WzyMCvTQOXYeIHvqOKtnqBduzTHpzpQZzAskKMhZ2K+EnBiSM9zGSoIFeMpXKxa4dYeZIQqewQ==",
			"dev": true
		},
		"isarray": {
			"version": "1.0.0",
			"resolved": "https://registry.npmjs.org/isarray/-/isarray-1.0.0.tgz",
			"integrity": "sha1-u5NdSFgsuhaMBoNJV6VKPgcSTxE=",
			"dev": true
		},
		"make-error": {
			"version": "1.3.6",
			"resolved": "https://registry.npmjs.org/make-error/-/make-error-1.3.6.tgz",
			"integrity": "sha512-s8UhlNe7vPKomQhC1qFelMokr/Sc3AgNbso3n74mVPA5LTZwkB9NlXf4XPamLxJE8h0gh73rM94xvwRT2CVInw==",
			"dev": true
		},
		"n3": {
			"version": "1.3.5",
			"resolved": "https://registry.npmjs.org/n3/-/n3-1.3.5.tgz",
			"integrity": "sha512-McWb1tCWGGAmHeGEakqZj/UqxQR9cpEYZ/JivBj59YfiOAuaIWZxu0B+jnhbCwCZ2AsxdgQ5Dq8fehIJpYQaMQ==",
			"dev": true
		},
		"process-nextick-args": {
			"version": "2.0.1",
			"resolved": "https://registry.npmjs.org/process-nextick-args/-/process-nextick-args-2.0.1.tgz",
			"integrity": "sha512-3ouUOpQhtgrbOa17J7+uxOTpITYWaGP7/AhoR3+A+/1e9skrzelGi/dXzEYyvbxubEF6Wn2ypscTKiKJFFn1ag==",
			"dev": true
		},
		"rdf-dataset-indexed": {
			"version": "0.4.0",
			"resolved": "https://registry.npmjs.org/rdf-dataset-indexed/-/rdf-dataset-indexed-0.4.0.tgz",
			"integrity": "sha512-xIZ3PGwBHh1DVax9FTq/zhJcrdJTkCgRT2xolF5ZhKj0EOFoT6wdITyfxKSmnD6YNyGyng5F5o2SR62TYask3Q==",
			"dev": true,
			"requires": {
				"@rdfjs/data-model": "^1.1.1",
				"readable-stream": "^3.3.0"
			},
			"dependencies": {
				"readable-stream": {
					"version": "3.6.0",
					"resolved": "https://registry.npmjs.org/readable-stream/-/readable-stream-3.6.0.tgz",
					"integrity": "sha512-BViHy7LKeTz4oNnkcLJ+lVSL6vpiFeX6/d3oSH8zCW7UxP2onchk+vTGB143xuFjHS3deTgkKoXXymXqymiIdA==",
					"dev": true,
					"requires": {
						"inherits": "^2.0.3",
						"string_decoder": "^1.1.1",
						"util-deprecate": "^1.0.1"
					}
				}
			}
		},
		"rdf-ext": {
			"version": "1.3.0",
			"resolved": "https://registry.npmjs.org/rdf-ext/-/rdf-ext-1.3.0.tgz",
			"integrity": "sha512-bzkJpINH1uZgAeSIlE7K1nLF6Y82vGi9U9sBRuiz864pNk/31ba3dw+yLoIkcvQsPcVwnKBVLvGCR3dvD9xM+Q==",
			"dev": true,
			"requires": {
				"@rdfjs/data-model": "^1.1.0",
				"@rdfjs/to-ntriples": "^1.0.1",
				"rdf-dataset-indexed": "^0.4.0",
				"rdf-normalize": "^1.0.0"
			}
		},
		"rdf-normalize": {
			"version": "1.0.0",
			"resolved": "https://registry.npmjs.org/rdf-normalize/-/rdf-normalize-1.0.0.tgz",
			"integrity": "sha1-U0lrrzYszp2fyh8iFsbDAAf5nMo=",
			"dev": true
		},
		"readable-stream": {
			"version": "2.3.7",
			"resolved": "https://registry.npmjs.org/readable-stream/-/readable-stream-2.3.7.tgz",
			"integrity": "sha512-Ebho8K4jIbHAxnuxi7o42OrZgF/ZTNcsZj6nRKyUmkhLFq8CHItp/fy6hQZuZmP/n3yZ9VBUbp4zz/mX8hmYPw==",
			"dev": true,
			"requires": {
				"core-util-is": "~1.0.0",
				"inherits": "~2.0.3",
				"isarray": "~1.0.0",
				"process-nextick-args": "~2.0.0",
				"safe-buffer": "~5.1.1",
				"string_decoder": "~1.1.1",
				"util-deprecate": "~1.0.1"
			}
		},
		"safe-buffer": {
			"version": "5.1.2",
			"resolved": "https://registry.npmjs.org/safe-buffer/-/safe-buffer-5.1.2.tgz",
			"integrity": "sha512-Gd2UZBJDkXlY7GbJxfsE8/nvKkUEU1G38c1siN6QP6a9PT9MmHB8GnpscSmMJSoF8LOIrt8ud/wPtojys4G6+g==",
			"dev": true
		},
		"source-map": {
			"version": "0.6.1",
			"resolved": "https://registry.npmjs.org/source-map/-/source-map-0.6.1.tgz",
			"integrity": "sha512-UjgapumWlbMhkBgzT7Ykc5YXUT46F0iKu8SGXq0bcwP5dz/h0Plj6enJqjz1Zbq2l5WaqYnrVbwWOWMyF3F47g==",
			"dev": true
		},
		"source-map-support": {
			"version": "0.5.16",
			"resolved": "https://registry.npmjs.org/source-map-support/-/source-map-support-0.5.16.tgz",
			"integrity": "sha512-efyLRJDr68D9hBBNIPWFjhpFzURh+KJykQwvMyW5UiZzYwoF6l4YMMDIJJEyFWxWCqfyxLzz6tSfUFR+kXXsVQ==",
			"dev": true,
			"requires": {
				"buffer-from": "^1.0.0",
				"source-map": "^0.6.0"
			}
		},
		"string-to-stream": {
			"version": "3.0.1",
			"resolved": "https://registry.npmjs.org/string-to-stream/-/string-to-stream-3.0.1.tgz",
			"integrity": "sha512-Hl092MV3USJuUCC6mfl9sPzGloA3K5VwdIeJjYIkXY/8K+mUvaeEabWJgArp+xXrsWxCajeT2pc4axbVhIZJyg==",
			"dev": true,
			"requires": {
				"readable-stream": "^3.4.0"
			},
			"dependencies": {
				"readable-stream": {
					"version": "3.6.0",
					"resolved": "https://registry.npmjs.org/readable-stream/-/readable-stream-3.6.0.tgz",
					"integrity": "sha512-BViHy7LKeTz4oNnkcLJ+lVSL6vpiFeX6/d3oSH8zCW7UxP2onchk+vTGB143xuFjHS3deTgkKoXXymXqymiIdA==",
					"dev": true,
					"requires": {
						"inherits": "^2.0.3",
						"string_decoder": "^1.1.1",
						"util-deprecate": "^1.0.1"
					}
				}
			}
		},
		"string_decoder": {
			"version": "1.1.1",
			"resolved": "https://registry.npmjs.org/string_decoder/-/string_decoder-1.1.1.tgz",
			"integrity": "sha512-n/ShnvDi6FHbbVfviro+WojiFzv+s8MPMHBczVePfUpDJLwoLT0ht1l4YwBCbi8pJAveEEdnkHyPyTP/mzRfwg==",
			"dev": true,
			"requires": {
				"safe-buffer": "~5.1.0"
			}
		},
		"ts-node": {
			"version": "8.7.0",
			"resolved": "https://registry.npmjs.org/ts-node/-/ts-node-8.7.0.tgz",
			"integrity": "sha512-s659CsHrsxaRVDEleuOkGvbsA0rWHtszUNEt1r0CgAFN5ZZTQtDzpsluS7W5pOGJIa1xZE8R/zK4dEs+ldFezg==",
			"dev": true,
			"requires": {
				"arg": "^4.1.0",
				"diff": "^4.0.1",
				"make-error": "^1.1.1",
				"source-map-support": "^0.5.6",
				"yn": "3.1.1"
			}
		},
		"typescript": {
			"version": "3.8.3",
			"resolved": "https://registry.npmjs.org/typescript/-/typescript-3.8.3.tgz",
			"integrity": "sha512-MYlEfn5VrLNsgudQTVJeNaQFUAI7DkhnOjdpAp4T+ku1TfQClewlbSuTVHiA+8skNBgaf02TL/kLOvig4y3G8w==",
			"dev": true
		},
		"util-deprecate": {
			"version": "1.0.2",
			"resolved": "https://registry.npmjs.org/util-deprecate/-/util-deprecate-1.0.2.tgz",
			"integrity": "sha1-RQ1Nyfpw3nMnYvvS1KKJgUGaDM8=",
			"dev": true
		},
		"yn": {
			"version": "3.1.1",
			"resolved": "https://registry.npmjs.org/yn/-/yn-3.1.1.tgz",
			"integrity": "sha512-Ux4ygGWsu2c7isFWe8Yu1YluJmqVhxqK2cLXNQA5AcC3QfbGNpM7fu0Y8b/z16pXLnFxZYvWhd3fhBY9DLmC6Q==",
			"dev": true
		}
	}
}
